lockfile_version: '2'
apm_version: 0.30.0
dependencies:
- repo_url: seniorkonung/agent-skills
  name: agent-skills
  host: github.com
  resolved_commit: 91db9c1890c57299d381d67911892c5ce8a0681e
  resolved_ref: main
  version: 0.0.1
  package_type: apm_package
  deployed_files:
  - .agents/skills/change-summary
  - .agents/skills/change-summary/SKILL.md
  - .agents/skills/change-summary/agents/openai.yaml
  - .agents/skills/code-review-and-quality
  - .agents/skills/code-review-and-quality/SKILL.md
  - .agents/skills/discussion
  - .agents/skills/discussion/SKILL.md
  - .agents/skills/discussion/references/document-format.md
  - .agents/skills/discussion/references/examples.md
  - .agents/skills/domain-modeling
  - .agents/skills/domain-modeling/ADR-FORMAT.md
  - .agents/skills/domain-modeling/CONTEXT-FORMAT.md
  - .agents/skills/domain-modeling/SKILL.md
  - .agents/skills/idea-refine
  - .agents/skills/idea-refine/SKILL.md
  - .agents/skills/idea-refine/examples.md
  - .agents/skills/idea-refine/frameworks.md
  - .agents/skills/idea-refine/refinement-criteria.md
  - .agents/skills/idea-refine/scripts/idea-refine.sh
  - .agents/skills/security-and-hardening
  - .agents/skills/security-and-hardening/SKILL.md
  - .agents/skills/shipping-and-launch
  - .agents/skills/shipping-and-launch/SKILL.md
  - .claude/agents/code-reviewer.md
  - .claude/agents/security-auditor.md
  - .claude/agents/test-engineer.md
  - .claude/rules/commit-message-conventions.md
  - .claude/rules/domain-language.md
  - .claude/rules/production-readiness.md
  - .claude/skills/change-summary
  - .claude/skills/change-summary/SKILL.md
  - .claude/skills/change-summary/agents/openai.yaml
  - .claude/skills/code-review-and-quality
  - .claude/skills/code-review-and-quality/SKILL.md
  - .claude/skills/discussion
  - .claude/skills/discussion/SKILL.md
  - .claude/skills/discussion/references/document-format.md
  - .claude/skills/discussion/references/examples.md
  - .claude/skills/domain-modeling
  - .claude/skills/domain-modeling/ADR-FORMAT.md
  - .claude/skills/domain-modeling/CONTEXT-FORMAT.md
  - .claude/skills/domain-modeling/SKILL.md
  - .claude/skills/idea-refine
  - .claude/skills/idea-refine/SKILL.md
  - .claude/skills/idea-refine/examples.md
  - .claude/skills/idea-refine/frameworks.md
  - .claude/skills/idea-refine/refinement-criteria.md
  - .claude/skills/idea-refine/scripts/idea-refine.sh
  - .claude/skills/security-and-hardening
  - .claude/skills/security-and-hardening/SKILL.md
  - .claude/skills/shipping-and-launch
  - .claude/skills/shipping-and-launch/SKILL.md
  - .codex/agents/code-reviewer.toml
  - .codex/agents/security-auditor.toml
  - .codex/agents/test-engineer.toml
  deployed_file_hashes:
    .agents/skills/change-summary/SKILL.md: sha256:cf4f96ab7bca9e995deeb88a8bff0a8e8d9cadf4fe775a451731f359445a7276
    .agents/skills/change-summary/agents/openai.yaml: sha256:a1499d95abd8447558c535fe5554adcc3c9b988a0a39264a6283d430effe1e94
    .agents/skills/code-review-and-quality/SKILL.md: sha256:0ff65150158adfd41844534948cbe4271e6a7a3aa463700a8d99caf550e38223
    .agents/skills/discussion/SKILL.md: sha256:e9c3423b73b4d572af3d95c8820142e18bb44e226adc92f1c297905e9835ca9a
    .agents/skills/discussion/references/document-format.md: sha256:9012f228e7a7759f14176e38b1b39946a3d810693a4a96319934b93ad71e80ac
    .agents/skills/discussion/references/examples.md: sha256:e0a056cc213de20ee0e311c1404a21bfdda9e70d2d2cc2b73748de1b53359a6c
    .agents/skills/domain-modeling/ADR-FORMAT.md: sha256:987ffed2f666ddae4135cff5b049d03379a53141bdbe82af50852cfcfdee493e
    .agents/skills/domain-modeling/CONTEXT-FORMAT.md: sha256:709fb2ce20067248fe4e1a23fe18007de12cd1d97d7f7f772c6d634a76f380cd
    .agents/skills/domain-modeling/SKILL.md: sha256:601e8ac96664064793acc470e7eb454bc78dddb06ea4e380834210183130a071
    .agents/skills/idea-refine/SKILL.md: sha256:ab5240e4593b9b0250952986ce3b9aba4a7629c4bf8f6335d13584cff6ba7300
    .agents/skills/idea-refine/examples.md: sha256:326c8e64083f29b3ea8b99e757198efafcf30a68c227156b521e1cddff5ed4ad
    .agents/skills/idea-refine/frameworks.md: sha256:161ebc18fdf2d996bc62a87a2d747cf1bf53548354f8925de25c732c27f00309
    .agents/skills/idea-refine/refinement-criteria.md: sha256:1ca2973a4d01b5cb37ab7ddb2eff77fa4e792634a33d0ce44961c068fc88d51a
    .agents/skills/idea-refine/scripts/idea-refine.sh: sha256:f02a52408a4218047c032d221483abfbb48d11f090bb4915965c7419bf2e0e47
    .agents/skills/security-and-hardening/SKILL.md: sha256:7dee4d2cc8b417b90790bf6016f74a3dcd1adcddde6e42f545a391f950778ebe
    .agents/skills/shipping-and-launch/SKILL.md: sha256:ca9216f73ac6dfd1b1104ccd7de570acc5a22e11b1bf0ad4bafde1009afc4512
    .claude/agents/code-reviewer.md: sha256:8efeec034eb299bf63eacda4b9aa7126dfaa61d122b807fbb679502151567d1f
    .claude/agents/security-auditor.md: sha256:e9d51b87b02eae4e7af55a549fcb8fcc1289dce81a39806d2739d2d5c3f867db
    .claude/agents/test-engineer.md: sha256:7fa49278ec977731a18f7ce743561a6d62945db0be15578e748945cf19ae822a
    .claude/rules/commit-message-conventions.md: sha256:4d0e01e3f8628b9f4e2a90b932935cd819bd50a0969862294e140ae6e4aeb8ba
    .claude/rules/domain-language.md: sha256:047b781ee08264502823b2594ab7851095bbf1ed455d6e51ff1883baa95b9861
    .claude/rules/production-readiness.md: sha256:1f8352e4fad91fc1f1bee955d70521636e1da6453a96022fb3a8939cc6646e55
    .claude/skills/change-summary/SKILL.md: sha256:cf4f96ab7bca9e995deeb88a8bff0a8e8d9cadf4fe775a451731f359445a7276
    .claude/skills/change-summary/agents/openai.yaml: sha256:a1499d95abd8447558c535fe5554adcc3c9b988a0a39264a6283d430effe1e94
    .claude/skills/code-review-and-quality/SKILL.md: sha256:0ff65150158adfd41844534948cbe4271e6a7a3aa463700a8d99caf550e38223
    .claude/skills/discussion/SKILL.md: sha256:e9c3423b73b4d572af3d95c8820142e18bb44e226adc92f1c297905e9835ca9a
    .claude/skills/discussion/references/document-format.md: sha256:9012f228e7a7759f14176e38b1b39946a3d810693a4a96319934b93ad71e80ac
    .claude/skills/discussion/references/examples.md: sha256:e0a056cc213de20ee0e311c1404a21bfdda9e70d2d2cc2b73748de1b53359a6c
    .claude/skills/domain-modeling/ADR-FORMAT.md: sha256:987ffed2f666ddae4135cff5b049d03379a53141bdbe82af50852cfcfdee493e
    .claude/skills/domain-modeling/CONTEXT-FORMAT.md: sha256:709fb2ce20067248fe4e1a23fe18007de12cd1d97d7f7f772c6d634a76f380cd
    .claude/skills/domain-modeling/SKILL.md: sha256:601e8ac96664064793acc470e7eb454bc78dddb06ea4e380834210183130a071
    .claude/skills/idea-refine/SKILL.md: sha256:ab5240e4593b9b0250952986ce3b9aba4a7629c4bf8f6335d13584cff6ba7300
    .claude/skills/idea-refine/examples.md: sha256:326c8e64083f29b3ea8b99e757198efafcf30a68c227156b521e1cddff5ed4ad
    .claude/skills/idea-refine/frameworks.md: sha256:161ebc18fdf2d996bc62a87a2d747cf1bf53548354f8925de25c732c27f00309
    .claude/skills/idea-refine/refinement-criteria.md: sha256:1ca2973a4d01b5cb37ab7ddb2eff77fa4e792634a33d0ce44961c068fc88d51a
    .claude/skills/idea-refine/scripts/idea-refine.sh: sha256:f02a52408a4218047c032d221483abfbb48d11f090bb4915965c7419bf2e0e47
    .claude/skills/security-and-hardening/SKILL.md: sha256:7dee4d2cc8b417b90790bf6016f74a3dcd1adcddde6e42f545a391f950778ebe
    .claude/skills/shipping-and-launch/SKILL.md: sha256:ca9216f73ac6dfd1b1104ccd7de570acc5a22e11b1bf0ad4bafde1009afc4512
    .codex/agents/code-reviewer.toml: sha256:68551392550f16bad4545b154ec710ba215623bcb35f95f8ab2e613d798b50dd
    .codex/agents/security-auditor.toml: sha256:6f2bec3bded4da237fa14b74fd77720f0e7d96982f09288652aec26b228110dd
    .codex/agents/test-engineer.toml: sha256:729261399bedbfa7af957725773fddea919b1e094a81ebe6d8a6e476d54c7ff8
  content_hash: sha256:f69de0a9be1aea4c5430d659dd5c65e13c40554aa7adde0b81f7060576999dbd
  skill_subset:
  - change-summary
  - code-review-and-quality
  - discussion
  - domain-modeling
  - idea-refine
  - security-and-hardening
  - shipping-and-launch
- repo_url: addyosmani/agent-skills
  name: code-simplification
  host: github.com
  resolved_commit: 84ee50673804b95c287d1e4eb4f1c1dad7c5188a
  resolved_ref: 0.6.9
  version: 0.6.9
  virtual_path: skills/code-simplification
  is_virtual: true
  depth: 2
  resolved_by: seniorkonung/agent-skills
  package_type: claude_skill
  deployed_files:
  - .agents/skills/code-simplification
  - .agents/skills/code-simplification/SKILL.md
  - .claude/skills/code-simplification
  - .claude/skills/code-simplification/SKILL.md
  deployed_file_hashes:
    .agents/skills/code-simplification/SKILL.md: sha256:f0c5ed754057eb0c1e027e2587f59de816651feb5e837242296c43ea21cf621d
    .claude/skills/code-simplification/SKILL.md: sha256:f0c5ed754057eb0c1e027e2587f59de816651feb5e837242296c43ea21cf621d
  content_hash: sha256:7973e746e8e2ea5004d520da970c15a106824b8d6be1bcff48908aec021f3677
  constraint: 0.6.9
  resolved_tag: 0.6.9
  resolved_at: '2026-09-15T13:14:36+00:00'
- repo_url: addyosmani/agent-skills
  name: debugging-and-error-recovery
  host: github.com
  resolved_commit: 84ee50673804b95c287d1e4eb4f1c1dad7c5188a
  resolved_ref: 0.6.9
  version: 0.6.9
  virtual_path: skills/debugging-and-error-recovery
  is_virtual: true
  depth: 2
  resolved_by: seniorkonung/agent-skills
  package_type: claude_skill
  deployed_files:
  - .agents/skills/debugging-and-error-recovery
  - .agents/skills/debugging-and-error-recovery/SKILL.md
  - .claude/skills/debugging-and-error-recovery
  - .claude/skills/debugging-and-error-recovery/SKILL.md
  deployed_file_hashes:
    .agents/skills/debugging-and-error-recovery/SKILL.md: sha256:67ce2c9442da0c5a6e3515617fc9c4003cfe232ef7c7210da342f40f508f9958
    .claude/skills/debugging-and-error-recovery/SKILL.md: sha256:67ce2c9442da0c5a6e3515617fc9c4003cfe232ef7c7210da342f40f508f9958
  content_hash: sha256:1a119d27e8f1d27ed6317adf3115826336491346780dcb7d7a7a7f79fe3ffe10
  constraint: 0.6.9
  resolved_tag: 0.6.9
  resolved_at: '2026-09-15T13:14:36+00:00'
- repo_url: addyosmani/agent-skills
  name: source-driven-development
  host: github.com
  resolved_commit: 84ee50673804b95c287d1e4eb4f1c1dad7c5188a
  resolved_ref: 0.6.9
  version: 0.6.9
  virtual_path: skills/source-driven-development
  is_virtual: true
  depth: 2
  resolved_by: seniorkonung/agent-skills
  package_type: claude_skill
  deployed_files:
  - .agents/skills/source-driven-development
  - .agents/skills/source-driven-development/SKILL.md
  - .claude/skills/source-driven-development
  - .claude/skills/source-driven-development/SKILL.md
  deployed_file_hashes:
    .agents/skills/source-driven-development/SKILL.md: sha256:719d4e54083c90ded62112fb41df3dbc4619309118ee0e6aa4d846f92d8204af
    .claude/skills/source-driven-development/SKILL.md: sha256:719d4e54083c90ded62112fb41df3dbc4619309118ee0e6aa4d846f92d8204af
  content_hash: sha256:c48d3c3abb2cb8a5c4a8584ab95db64f8a0261f3acfe2cdb7b8ff88ec3d90211
  constraint: 0.6.9
  resolved_tag: 0.6.9
  resolved_at: '2026-09-15T13:14:36+00:00'
- repo_url: mattpocock/skills
  name: codebase-design
  host: github.com
  resolved_commit: 6acc160e4e0cd062dbbbd7a1b26ae92855edf07e
  resolved_ref: v1.2.3
  version: unknown
  virtual_path: skills/engineering/codebase-design
  is_virtual: true
  depth: 2
  resolved_by: seniorkonung/agent-skills
  package_type: claude_skill
  deployed_files:
  - .agents/skills/codebase-design
  - .agents/skills/codebase-design/DEEPENING.md
  - .agents/skills/codebase-design/DESIGN-IT-TWICE.md
  - .agents/skills/codebase-design/SKILL.md
  - .agents/skills/codebase-design/agents/openai.yaml
  - .claude/skills/codebase-design
  - .claude/skills/codebase-design/DEEPENING.md
  - .claude/skills/codebase-design/DESIGN-IT-TWICE.md
  - .claude/skills/codebase-design/SKILL.md
  - .claude/skills/codebase-design/agents/openai.yaml
  deployed_file_hashes:
    .agents/skills/codebase-design/DEEPENING.md: sha256:125e6b77413ad2bc7cf7a772bc74336d580a50f9e797db2178ed133d62333d06
    .agents/skills/codebase-design/DESIGN-IT-TWICE.md: sha256:09f9948ea7636a4d3704c5ab909762e876c0b39849eefb14d2e03a398cc9c7e7
    .agents/skills/codebase-design/SKILL.md: sha256:a8d50abac5a4018f60e1d911d4b6f4e36454ca14d6c390c0695a578c7de65dad
    .agents/skills/codebase-design/agents/openai.yaml: sha256:edebc9e4fcfe102114012575eaa9600b9b5fd08c311664f389c36e7bc717740f
    .claude/skills/codebase-design/DEEPENING.md: sha256:125e6b77413ad2bc7cf7a772bc74336d580a50f9e797db2178ed133d62333d06
    .claude/skills/codebase-design/DESIGN-IT-TWICE.md: sha256:09f9948ea7636a4d3704c5ab909762e876c0b39849eefb14d2e03a398cc9c7e7
    .claude/skills/codebase-design/SKILL.md: sha256:a8d50abac5a4018f60e1d911d4b6f4e36454ca14d6c390c0695a578c7de65dad
    .claude/skills/codebase-design/agents/openai.yaml: sha256:edebc9e4fcfe102114012575eaa9600b9b5fd08c311664f389c36e7bc717740f
  content_hash: sha256:16b8ebb74b2bca32691efd69ad4e5e3bd089eecb594df104280d5ef88eee79af
- repo_url: mattpocock/skills
  name: grill-with-docs
  host: github.com
  resolved_commit: 6acc160e4e0cd062dbbbd7a1b26ae92855edf07e
  resolved_ref: v1.2.3
  version: unknown
  virtual_path: skills/engineering/grill-with-docs
  is_virtual: true
  depth: 2
  resolved_by: seniorkonung/agent-skills
  package_type: claude_skill
  deployed_files:
  - .agents/skills/grill-with-docs
  - .agents/skills/grill-with-docs/SKILL.md
  - .agents/skills/grill-with-docs/agents/openai.yaml
  - .claude/skills/grill-with-docs
  - .claude/skills/grill-with-docs/SKILL.md
  - .claude/skills/grill-with-docs/agents/openai.yaml
  deployed_file_hashes:
    .agents/skills/grill-with-docs/SKILL.md: sha256:610d091047bcfb9db0f75c057d15538481a721111579fc5ec7f83ad9131a2165
    .agents/skills/grill-with-docs/agents/openai.yaml: sha256:94cd0ab161fb468a836349f5ed482ba58ce8e709a05c57ce533d739dbd35cca9
    .claude/skills/grill-with-docs/SKILL.md: sha256:610d091047bcfb9db0f75c057d15538481a721111579fc5ec7f83ad9131a2165
    .claude/skills/grill-with-docs/agents/openai.yaml: sha256:94cd0ab161fb468a836349f5ed482ba58ce8e709a05c57ce533d739dbd35cca9
  content_hash: sha256:c3a266bcc09eab29358eaae6e288f9a2cd492fd0af2bcaeeec55fd6207da9a89
- repo_url: mattpocock/skills
  name: grilling
  host: github.com
  resolved_commit: 6acc160e4e0cd062dbbbd7a1b26ae92855edf07e
  resolved_ref: v1.2.3
  version: unknown
  virtual_path: skills/productivity/grilling
  is_virtual: true
  depth: 2
  resolved_by: seniorkonung/agent-skills
  package_type: claude_skill
  deployed_files:
  - .agents/skills/grilling
  - .agents/skills/grilling/SKILL.md
  - .agents/skills/grilling/agents/openai.yaml
  - .claude/skills/grilling
  - .claude/skills/grilling/SKILL.md
  - .claude/skills/grilling/agents/openai.yaml
  deployed_file_hashes:
    .agents/skills/grilling/SKILL.md: sha256:fa5c1e5ee76b1c8f1ae56101f52c9e239de75d5c578adc61227b92d10b7e52ef
    .agents/skills/grilling/agents/openai.yaml: sha256:1411d7df7d99b7e621a1ff8283c8133cc2464be63d064e52d8ce169c6800ee9b
    .claude/skills/grilling/SKILL.md: sha256:fa5c1e5ee76b1c8f1ae56101f52c9e239de75d5c578adc61227b92d10b7e52ef
    .claude/skills/grilling/agents/openai.yaml: sha256:1411d7df7d99b7e621a1ff8283c8133cc2464be63d064e52d8ce169c6800ee9b
  content_hash: sha256:6f3a681f493ac92bf3c0f1263a9bf89f10f8f406623f3fbe5c87268e6d09e91e
- repo_url: obra/superpowers
  name: verification-before-completion
  host: github.com
  resolved_commit: b36e0829c6d0140e93cfef2ca599b1b07d4a7797
  resolved_ref: v6.3.0
  version: unknown
  virtual_path: skills/verification-before-completion
  is_virtual: true
  depth: 2
  resolved_by: seniorkonung/agent-skills
  package_type: claude_skill
  deployed_files:
  - .agents/skills/verification-before-completion
  - .agents/skills/verification-before-completion/SKILL.md
  - .claude/skills/verification-before-completion
  - .claude/skills/verification-before-completion/SKILL.md
  deployed_file_hashes:
    .agents/skills/verification-before-completion/SKILL.md: sha256:2befe7fc55bcadaa3d97dd9e8efeb633d2561c0ebe74c5a8b17c4d9e7e4520b3
    .claude/skills/verification-before-completion/SKILL.md: sha256:2befe7fc55bcadaa3d97dd9e8efeb633d2561c0ebe74c5a8b17c4d9e7e4520b3
  content_hash: sha256:b529822bdac4b197b180fe12225cff86b930b65910435103c10622df7f041651
deployments:
- kind: project-relative
  target: agent-skills
  value: .agents/skills/change-summary
  runtime: null
  scope: project
  owners:
  - seniorkonung/agent-skills
  active_owner: seniorkonung/agent-skills
  content_hash: null
- kind: project-relative
  target: agent-skills
  value: .agents/skills/change-summary/SKILL.md
  runtime: null
  scope: project
  owners:
  - seniorkonung/agent-skills
  active_owner: seniorkonung/agent-skills
  content_hash: sha256:cf4f96ab7bca9e995deeb88a8bff0a8e8d9cadf4fe775a451731f359445a7276
- kind: project-relative
  target: agent-skills
  value: .agents/skills/change-summary/agents/openai.yaml
  runtime: null
  scope: project
  owners:
  - seniorkonung/agent-skills
  active_owner: seniorkonung/agent-skills
  content_hash: sha256:a1499d95abd8447558c535fe5554adcc3c9b988a0a39264a6283d430effe1e94
- kind: project-relative
  target: agent-skills
  value: .agents/skills/code-review-and-quality
  runtime: null
  scope: project
  owners:
  - seniorkonung/agent-skills
  active_owner: seniorkonung/agent-skills
  content_hash: null
- kind: project-relative
  target: agent-skills
  value: .agents/skills/code-review-and-quality/SKILL.md
  runtime: null
  scope: project
  owners:
  - seniorkonung/agent-skills
  active_owner: seniorkonung/agent-skills
  content_hash: sha256:0ff65150158adfd41844534948cbe4271e6a7a3aa463700a8d99caf550e38223
- kind: project-relative
  target: agent-skills
  value: .agents/skills/code-simplification
  runtime: null
  scope: project
  owners:
  - addyosmani/agent-skills/skills/code-simplification
  active_owner: addyosmani/agent-skills/skills/code-simplification
  content_hash: null
- kind: project-relative
  target: agent-skills
  value: .agents/skills/code-simplification/SKILL.md
  runtime: null
  scope: project
  owners:
  - addyosmani/agent-skills/skills/code-simplification
  active_owner: addyosmani/agent-skills/skills/code-simplification
  content_hash: sha256:f0c5ed754057eb0c1e027e2587f59de816651feb5e837242296c43ea21cf621d
- kind: project-relative
  target: agent-skills
  value: .agents/skills/codebase-design
  runtime: null
  scope: project
  owners:
  - mattpocock/skills/skills/engineering/codebase-design
  active_owner: mattpocock/skills/skills/engineering/codebase-design
  content_hash: null
- kind: project-relative
  target: agent-skills
  value: .agents/skills/codebase-design/DEEPENING.md
  runtime: null
  scope: project
  owners:
  - mattpocock/skills/skills/engineering/codebase-design
  active_owner: mattpocock/skills/skills/engineering/codebase-design
  content_hash: sha256:125e6b77413ad2bc7cf7a772bc74336d580a50f9e797db2178ed133d62333d06
- kind: project-relative
  target: agent-skills
  value: .agents/skills/codebase-design/DESIGN-IT-TWICE.md
  runtime: null
  scope: project
  owners:
  - mattpocock/skills/skills/engineering/codebase-design
  active_owner: mattpocock/skills/skills/engineering/codebase-design
  content_hash: sha256:09f9948ea7636a4d3704c5ab909762e876c0b39849eefb14d2e03a398cc9c7e7
- kind: project-relative
  target: agent-skills
  value: .agents/skills/codebase-design/SKILL.md
  runtime: null
  scope: project
  owners:
  - mattpocock/skills/skills/engineering/codebase-design
  active_owner: mattpocock/skills/skills/engineering/codebase-design
  content_hash: sha256:a8d50abac5a4018f60e1d911d4b6f4e36454ca14d6c390c0695a578c7de65dad
- kind: project-relative
  target: agent-skills
  value: .agents/skills/codebase-design/agents/openai.yaml
  runtime: null
  scope: project
  owners:
  - mattpocock/skills/skills/engineering/codebase-design
  active_owner: mattpocock/skills/skills/engineering/codebase-design
  content_hash: sha256:edebc9e4fcfe102114012575eaa9600b9b5fd08c311664f389c36e7bc717740f
- kind: project-relative
  target: agent-skills
  value: .agents/skills/debugging-and-error-recovery
  runtime: null
  scope: project
  owners:
  - addyosmani/agent-skills/skills/debugging-and-error-recovery
  active_owner: addyosmani/agent-skills/skills/debugging-and-error-recovery
  content_hash: null
- kind: project-relative
  target: agent-skills
  value: .agents/skills/debugging-and-error-recovery/SKILL.md
  runtime: null
  scope: project
  owners:
  - addyosmani/agent-skills/skills/debugging-and-error-recovery
  active_owner: addyosmani/agent-skills/skills/debugging-and-error-recovery
  content_hash: sha256:67ce2c9442da0c5a6e3515617fc9c4003cfe232ef7c7210da342f40f508f9958
- kind: project-relative
  target: agent-skills
  value: .agents/skills/discussion
  runtime: null
  scope: project
  owners:
  - seniorkonung/agent-skills
  active_owner: seniorkonung/agent-skills
  content_hash: null
- kind: project-relative
  target: agent-skills
  value: .agents/skills/discussion/SKILL.md
  runtime: null
  scope: project
  owners:
  - seniorkonung/agent-skills
  active_owner: seniorkonung/agent-skills
  content_hash: sha256:e9c3423b73b4d572af3d95c8820142e18bb44e226adc92f1c297905e9835ca9a
- kind: project-relative
  target: agent-skills
  value: .agents/skills/discussion/references/document-format.md
  runtime: null
  scope: project
  owners:
  - seniorkonung/agent-skills
  active_owner: seniorkonung/agent-skills
  content_hash: sha256:9012f228e7a7759f14176e38b1b39946a3d810693a4a96319934b93ad71e80ac
- kind: project-relative
  target: agent-skills
  value: .agents/skills/discussion/references/examples.md
  runtime: null
  scope: project
  owners:
  - seniorkonung/agent-skills
  active_owner: seniorkonung/agent-skills
  content_hash: sha256:e0a056cc213de20ee0e311c1404a21bfdda9e70d2d2cc2b73748de1b53359a6c
- kind: project-relative
  target: agent-skills
  value: .agents/skills/domain-modeling
  runtime: null
  scope: project
  owners:
  - seniorkonung/agent-skills
  active_owner: seniorkonung/agent-skills
  content_hash: null
- kind: project-relative
  target: agent-skills
  value: .agents/skills/domain-modeling/ADR-FORMAT.md
  runtime: null
  scope: project
  owners:
  - seniorkonung/agent-skills
  active_owner: seniorkonung/agent-skills
  content_hash: sha256:987ffed2f666ddae4135cff5b049d03379a53141bdbe82af50852cfcfdee493e
- kind: project-relative
  target: agent-skills
  value: .agents/skills/domain-modeling/CONTEXT-FORMAT.md
  runtime: null
  scope: project
  owners:
  - seniorkonung/agent-skills
  active_owner: seniorkonung/agent-skills
  content_hash: sha256:709fb2ce20067248fe4e1a23fe18007de12cd1d97d7f7f772c6d634a76f380cd
- kind: project-relative
  target: agent-skills
  value: .agents/skills/domain-modeling/SKILL.md
  runtime: null
  scope: project
  owners:
  - seniorkonung/agent-skills
  active_owner: seniorkonung/agent-skills
  content_hash: sha256:601e8ac96664064793acc470e7eb454bc78dddb06ea4e380834210183130a071
- kind: project-relative
  target: agent-skills
  value: .agents/skills/grill-with-docs
  runtime: null
  scope: project
  owners:
  - mattpocock/skills/skills/engineering/grill-with-docs
  active_owner: mattpocock/skills/skills/engineering/grill-with-docs
  content_hash: null
- kind: project-relative
  target: agent-skills
  value: .agents/skills/grill-with-docs/SKILL.md
  runtime: null
  scope: project
  owners:
  - mattpocock/skills/skills/engineering/grill-with-docs
  active_owner: mattpocock/skills/skills/engineering/grill-with-docs
  content_hash: sha256:610d091047bcfb9db0f75c057d15538481a721111579fc5ec7f83ad9131a2165
- kind: project-relative
  target: agent-skills
  value: .agents/skills/grill-with-docs/agents/openai.yaml
  runtime: null
  scope: project
  owners:
  - mattpocock/skills/skills/engineering/grill-with-docs
  active_owner: mattpocock/skills/skills/engineering/grill-with-docs
  content_hash: sha256:94cd0ab161fb468a836349f5ed482ba58ce8e709a05c57ce533d739dbd35cca9
- kind: project-relative
  target: agent-skills
  value: .agents/skills/grilling
  runtime: null
  scope: project
  owners:
  - mattpocock/skills/skills/productivity/grilling
  active_owner: mattpocock/skills/skills/productivity/grilling
  content_hash: null
- kind: project-relative
  target: agent-skills
  value: .agents/skills/grilling/SKILL.md
  runtime: null
  scope: project
  owners:
  - mattpocock/skills/skills/productivity/grilling
  active_owner: mattpocock/skills/skills/productivity/grilling
  content_hash: sha256:fa5c1e5ee76b1c8f1ae56101f52c9e239de75d5c578adc61227b92d10b7e52ef
- kind: project-relative
  target: agent-skills
  value: .agents/skills/grilling/agents/openai.yaml
  runtime: null
  scope: project
  owners:
  - mattpocock/skills/skills/productivity/grilling
  active_owner: mattpocock/skills/skills/productivity/grilling
  content_hash: sha256:1411d7df7d99b7e621a1ff8283c8133cc2464be63d064e52d8ce169c6800ee9b
- kind: project-relative
  target: agent-skills
  value: .agents/skills/idea-refine
  runtime: null
  scope: project
  owners:
  - seniorkonung/agent-skills
  active_owner: seniorkonung/agent-skills
  content_hash: null
- kind: project-relative
  target: agent-skills
  value: .agents/skills/idea-refine/SKILL.md
  runtime: null
  scope: project
  owners:
  - seniorkonung/agent-skills
  active_owner: seniorkonung/agent-skills
  content_hash: sha256:ab5240e4593b9b0250952986ce3b9aba4a7629c4bf8f6335d13584cff6ba7300
- kind: project-relative
  target: agent-skills
  value: .agents/skills/idea-refine/examples.md
  runtime: null
  scope: project
  owners:
  - seniorkonung/agent-skills
  active_owner: seniorkonung/agent-skills
  content_hash: sha256:326c8e64083f29b3ea8b99e757198efafcf30a68c227156b521e1cddff5ed4ad
- kind: project-relative
  target: agent-skills
  value: .agents/skills/idea-refine/frameworks.md
  runtime: null
  scope: project
  owners:
  - seniorkonung/agent-skills
  active_owner: seniorkonung/agent-skills
  content_hash: sha256:161ebc18fdf2d996bc62a87a2d747cf1bf53548354f8925de25c732c27f00309
- kind: project-relative
  target: agent-skills
  value: .agents/skills/idea-refine/refinement-criteria.md
  runtime: null
  scope: project
  owners:
  - seniorkonung/agent-skills
  active_owner: seniorkonung/agent-skills
  content_hash: sha256:1ca2973a4d01b5cb37ab7ddb2eff77fa4e792634a33d0ce44961c068fc88d51a
- kind: project-relative
  target: agent-skills
  value: .agents/skills/idea-refine/scripts/idea-refine.sh
  runtime: null
  scope: project
  owners:
  - seniorkonung/agent-skills
  active_owner: seniorkonung/agent-skills
  content_hash: sha256:f02a52408a4218047c032d221483abfbb48d11f090bb4915965c7419bf2e0e47
- kind: project-relative
  target: agent-skills
  value: .agents/skills/security-and-hardening
  runtime: null
  scope: project
  owners:
  - seniorkonung/agent-skills
  active_owner: seniorkonung/agent-skills
  content_hash: null
- kind: project-relative
  target: agent-skills
  value: .agents/skills/security-and-hardening/SKILL.md
  runtime: null
  scope: project
  owners:
  - seniorkonung/agent-skills
  active_owner: seniorkonung/agent-skills
  content_hash: sha256:7dee4d2cc8b417b90790bf6016f74a3dcd1adcddde6e42f545a391f950778ebe
- kind: project-relative
  target: agent-skills
  value: .agents/skills/shipping-and-launch
  runtime: null
  scope: project
  owners:
  - seniorkonung/agent-skills
  active_owner: seniorkonung/agent-skills
  content_hash: null
- kind: project-relative
  target: agent-skills
  value: .agents/skills/shipping-and-launch/SKILL.md
  runtime: null
  scope: project
  owners:
  - seniorkonung/agent-skills
  active_owner: seniorkonung/agent-skills
  content_hash: sha256:ca9216f73ac6dfd1b1104ccd7de570acc5a22e11b1bf0ad4bafde1009afc4512
- kind: project-relative
  target: agent-skills
  value: .agents/skills/source-driven-development
  runtime: null
  scope: project
  owners:
  - addyosmani/agent-skills/skills/source-driven-development
  active_owner: addyosmani/agent-skills/skills/source-driven-development
  content_hash: null
- kind: project-relative
  target: agent-skills
  value: .agents/skills/source-driven-development/SKILL.md
  runtime: null
  scope: project
  owners:
  - addyosmani/agent-skills/skills/source-driven-development
  active_owner: addyosmani/agent-skills/skills/source-driven-development
  content_hash: sha256:719d4e54083c90ded62112fb41df3dbc4619309118ee0e6aa4d846f92d8204af
- kind: project-relative
  target: agent-skills
  value: .agents/skills/verification-before-completion
  runtime: null
  scope: project
  owners:
  - obra/superpowers/skills/verification-before-completion
  active_owner: obra/superpowers/skills/verification-before-completion
  content_hash: null
- kind: project-relative
  target: agent-skills
  value: .agents/skills/verification-before-completion/SKILL.md
  runtime: null
  scope: project
  owners:
  - obra/superpowers/skills/verification-before-completion
  active_owner: obra/superpowers/skills/verification-before-completion
  content_hash: sha256:2befe7fc55bcadaa3d97dd9e8efeb633d2561c0ebe74c5a8b17c4d9e7e4520b3
- kind: project-relative
  target: claude
  value: .claude/agents/code-reviewer.md
  runtime: null
  scope: project
  owners:
  - seniorkonung/agent-skills
  active_owner: seniorkonung/agent-skills
  content_hash: sha256:8efeec034eb299bf63eacda4b9aa7126dfaa61d122b807fbb679502151567d1f
- kind: project-relative
  target: claude
  value: .claude/agents/security-auditor.md
  runtime: null
  scope: project
  owners:
  - seniorkonung/agent-skills
  active_owner: seniorkonung/agent-skills
  content_hash: sha256:e9d51b87b02eae4e7af55a549fcb8fcc1289dce81a39806d2739d2d5c3f867db
- kind: project-relative
  target: claude
  value: .claude/agents/test-engineer.md
  runtime: null
  scope: project
  owners:
  - seniorkonung/agent-skills
  active_owner: seniorkonung/agent-skills
  content_hash: sha256:7fa49278ec977731a18f7ce743561a6d62945db0be15578e748945cf19ae822a
- kind: project-relative
  target: claude
  value: .claude/rules/commit-message-conventions.md
  runtime: null
  scope: project
  owners:
  - seniorkonung/agent-skills
  active_owner: seniorkonung/agent-skills
  content_hash: sha256:4d0e01e3f8628b9f4e2a90b932935cd819bd50a0969862294e140ae6e4aeb8ba
- kind: project-relative
  target: claude
  value: .claude/rules/domain-language.md
  runtime: null
  scope: project
  owners:
  - seniorkonung/agent-skills
  active_owner: seniorkonung/agent-skills
  content_hash: sha256:047b781ee08264502823b2594ab7851095bbf1ed455d6e51ff1883baa95b9861
- kind: project-relative
  target: claude
  value: .claude/rules/language-preferences.md
  runtime: null
  scope: project
  owners:
  - .
  active_owner: .
  content_hash: sha256:e500f4facb5fc936b79aa3b7eb140bbd2f456d5d497da76a269ae7d5322ca1e8
- kind: project-relative
  target: claude
  value: .claude/rules/production-readiness.md
  runtime: null
  scope: project
  owners:
  - seniorkonung/agent-skills
  active_owner: seniorkonung/agent-skills
  content_hash: sha256:1f8352e4fad91fc1f1bee955d70521636e1da6453a96022fb3a8939cc6646e55
- kind: project-relative
  target: claude
  value: .claude/rules/type-safe-design.md
  runtime: null
  scope: project
  owners:
  - .
  active_owner: .
  content_hash: sha256:91e3d48f0eb3d7f65f523e59c7734221f93208c91557d07ddc40dc2a9c8dd867
- kind: project-relative
  target: claude
  value: .claude/rules/typescript-mcp.md
  runtime: null
  scope: project
  owners:
  - .
  active_owner: .
  content_hash: sha256:aaaf4ec118e70ea3be7be8a63b700cca199ce3143af0cf18c98c324dc9a28818
- kind: project-relative
  target: claude
  value: .claude/skills/change-summary
  runtime: null
  scope: project
  owners:
  - seniorkonung/agent-skills
  active_owner: seniorkonung/agent-skills
  content_hash: null
- kind: project-relative
  target: claude
  value: .claude/skills/change-summary/SKILL.md
  runtime: null
  scope: project
  owners:
  - seniorkonung/agent-skills
  active_owner: seniorkonung/agent-skills
  content_hash: sha256:cf4f96ab7bca9e995deeb88a8bff0a8e8d9cadf4fe775a451731f359445a7276
- kind: project-relative
  target: claude
  value: .claude/skills/change-summary/agents/openai.yaml
  runtime: null
  scope: project
  owners:
  - seniorkonung/agent-skills
  active_owner: seniorkonung/agent-skills
  content_hash: sha256:a1499d95abd8447558c535fe5554adcc3c9b988a0a39264a6283d430effe1e94
- kind: project-relative
  target: claude
  value: .claude/skills/code-review-and-quality
  runtime: null
  scope: project
  owners:
  - seniorkonung/agent-skills
  active_owner: seniorkonung/agent-skills
  content_hash: null
- kind: project-relative
  target: claude
  value: .claude/skills/code-review-and-quality/SKILL.md
  runtime: null
  scope: project
  owners:
  - seniorkonung/agent-skills
  active_owner: seniorkonung/agent-skills
  content_hash: sha256:0ff65150158adfd41844534948cbe4271e6a7a3aa463700a8d99caf550e38223
- kind: project-relative
  target: claude
  value: .claude/skills/code-simplification
  runtime: null
  scope: project
  owners:
  - addyosmani/agent-skills/skills/code-simplification
  active_owner: addyosmani/agent-skills/skills/code-simplification
  content_hash: null
- kind: project-relative
  target: claude
  value: .claude/skills/code-simplification/SKILL.md
  runtime: null
  scope: project
  owners:
  - addyosmani/agent-skills/skills/code-simplification
  active_owner: addyosmani/agent-skills/skills/code-simplification
  content_hash: sha256:f0c5ed754057eb0c1e027e2587f59de816651feb5e837242296c43ea21cf621d
- kind: project-relative
  target: claude
  value: .claude/skills/codebase-design
  runtime: null
  scope: project
  owners:
  - mattpocock/skills/skills/engineering/codebase-design
  active_owner: mattpocock/skills/skills/engineering/codebase-design
  content_hash: null
- kind: project-relative
  target: claude
  value: .claude/skills/codebase-design/DEEPENING.md
  runtime: null
  scope: project
  owners:
  - mattpocock/skills/skills/engineering/codebase-design
  active_owner: mattpocock/skills/skills/engineering/codebase-design
  content_hash: sha256:125e6b77413ad2bc7cf7a772bc74336d580a50f9e797db2178ed133d62333d06
- kind: project-relative
  target: claude
  value: .claude/skills/codebase-design/DESIGN-IT-TWICE.md
  runtime: null
  scope: project
  owners:
  - mattpocock/skills/skills/engineering/codebase-design
  active_owner: mattpocock/skills/skills/engineering/codebase-design
  content_hash: sha256:09f9948ea7636a4d3704c5ab909762e876c0b39849eefb14d2e03a398cc9c7e7
- kind: project-relative
  target: claude
  value: .claude/skills/codebase-design/SKILL.md
  runtime: null
  scope: project
  owners:
  - mattpocock/skills/skills/engineering/codebase-design
  active_owner: mattpocock/skills/skills/engineering/codebase-design
  content_hash: sha256:a8d50abac5a4018f60e1d911d4b6f4e36454ca14d6c390c0695a578c7de65dad
- kind: project-relative
  target: claude
  value: .claude/skills/codebase-design/agents/openai.yaml
  runtime: null
  scope: project
  owners:
  - mattpocock/skills/skills/engineering/codebase-design
  active_owner: mattpocock/skills/skills/engineering/codebase-design
  content_hash: sha256:edebc9e4fcfe102114012575eaa9600b9b5fd08c311664f389c36e7bc717740f
- kind: project-relative
  target: claude
  value: .claude/skills/debugging-and-error-recovery
  runtime: null
  scope: project
  owners:
  - addyosmani/agent-skills/skills/debugging-and-error-recovery
  active_owner: addyosmani/agent-skills/skills/debugging-and-error-recovery
  content_hash: null
- kind: project-relative
  target: claude
  value: .claude/skills/debugging-and-error-recovery/SKILL.md
  runtime: null
  scope: project
  owners:
  - addyosmani/agent-skills/skills/debugging-and-error-recovery
  active_owner: addyosmani/agent-skills/skills/debugging-and-error-recovery
  content_hash: sha256:67ce2c9442da0c5a6e3515617fc9c4003cfe232ef7c7210da342f40f508f9958
- kind: project-relative
  target: claude
  value: .claude/skills/discussion
  runtime: null
  scope: project
  owners:
  - seniorkonung/agent-skills
  active_owner: seniorkonung/agent-skills
  content_hash: null
- kind: project-relative
  target: claude
  value: .claude/skills/discussion/SKILL.md
  runtime: null
  scope: project
  owners:
  - seniorkonung/agent-skills
  active_owner: seniorkonung/agent-skills
  content_hash: sha256:e9c3423b73b4d572af3d95c8820142e18bb44e226adc92f1c297905e9835ca9a
- kind: project-relative
  target: claude
  value: .claude/skills/discussion/references/document-format.md
  runtime: null
  scope: project
  owners:
  - seniorkonung/agent-skills
  active_owner: seniorkonung/agent-skills
  content_hash: sha256:9012f228e7a7759f14176e38b1b39946a3d810693a4a96319934b93ad71e80ac
- kind: project-relative
  target: claude
  value: .claude/skills/discussion/references/examples.md
  runtime: null
  scope: project
  owners:
  - seniorkonung/agent-skills
  active_owner: seniorkonung/agent-skills
  content_hash: sha256:e0a056cc213de20ee0e311c1404a21bfdda9e70d2d2cc2b73748de1b53359a6c
- kind: project-relative
  target: claude
  value: .claude/skills/domain-modeling
  runtime: null
  scope: project
  owners:
  - seniorkonung/agent-skills
  active_owner: seniorkonung/agent-skills
  content_hash: null
- kind: project-relative
  target: claude
  value: .claude/skills/domain-modeling/ADR-FORMAT.md
  runtime: null
  scope: project
  owners:
  - seniorkonung/agent-skills
  active_owner: seniorkonung/agent-skills
  content_hash: sha256:987ffed2f666ddae4135cff5b049d03379a53141bdbe82af50852cfcfdee493e
- kind: project-relative
  target: claude
  value: .claude/skills/domain-modeling/CONTEXT-FORMAT.md
  runtime: null
  scope: project
  owners:
  - seniorkonung/agent-skills
  active_owner: seniorkonung/agent-skills
  content_hash: sha256:709fb2ce20067248fe4e1a23fe18007de12cd1d97d7f7f772c6d634a76f380cd
- kind: project-relative
  target: claude
  value: .claude/skills/domain-modeling/SKILL.md
  runtime: null
  scope: project
  owners:
  - seniorkonung/agent-skills
  active_owner: seniorkonung/agent-skills
  content_hash: sha256:601e8ac96664064793acc470e7eb454bc78dddb06ea4e380834210183130a071
- kind: project-relative
  target: claude
  value: .claude/skills/grill-with-docs
  runtime: null
  scope: project
  owners:
  - mattpocock/skills/skills/engineering/grill-with-docs
  active_owner: mattpocock/skills/skills/engineering/grill-with-docs
  content_hash: null
- kind: project-relative
  target: claude
  value: .claude/skills/grill-with-docs/SKILL.md
  runtime: null
  scope: project
  owners:
  - mattpocock/skills/skills/engineering/grill-with-docs
  active_owner: mattpocock/skills/skills/engineering/grill-with-docs
  content_hash: sha256:610d091047bcfb9db0f75c057d15538481a721111579fc5ec7f83ad9131a2165
- kind: project-relative
  target: claude
  value: .claude/skills/grill-with-docs/agents/openai.yaml
  runtime: null
  scope: project
  owners:
  - mattpocock/skills/skills/engineering/grill-with-docs
  active_owner: mattpocock/skills/skills/engineering/grill-with-docs
  content_hash: sha256:94cd0ab161fb468a836349f5ed482ba58ce8e709a05c57ce533d739dbd35cca9
- kind: project-relative
  target: claude
  value: .claude/skills/grilling
  runtime: null
  scope: project
  owners:
  - mattpocock/skills/skills/productivity/grilling
  active_owner: mattpocock/skills/skills/productivity/grilling
  content_hash: null
- kind: project-relative
  target: claude
  value: .claude/skills/grilling/SKILL.md
  runtime: null
  scope: project
  owners:
  - mattpocock/skills/skills/productivity/grilling
  active_owner: mattpocock/skills/skills/productivity/grilling
  content_hash: sha256:fa5c1e5ee76b1c8f1ae56101f52c9e239de75d5c578adc61227b92d10b7e52ef
- kind: project-relative
  target: claude
  value: .claude/skills/grilling/agents/openai.yaml
  runtime: null
  scope: project
  owners:
  - mattpocock/skills/skills/productivity/grilling
  active_owner: mattpocock/skills/skills/productivity/grilling
  content_hash: sha256:1411d7df7d99b7e621a1ff8283c8133cc2464be63d064e52d8ce169c6800ee9b
- kind: project-relative
  target: claude
  value: .claude/skills/idea-refine
  runtime: null
  scope: project
  owners:
  - seniorkonung/agent-skills
  active_owner: seniorkonung/agent-skills
  content_hash: null
- kind: project-relative
  target: claude
  value: .claude/skills/idea-refine/SKILL.md
  runtime: null
  scope: project
  owners:
  - seniorkonung/agent-skills
  active_owner: seniorkonung/agent-skills
  content_hash: sha256:ab5240e4593b9b0250952986ce3b9aba4a7629c4bf8f6335d13584cff6ba7300
- kind: project-relative
  target: claude
  value: .claude/skills/idea-refine/examples.md
  runtime: null
  scope: project
  owners:
  - seniorkonung/agent-skills
  active_owner: seniorkonung/agent-skills
  content_hash: sha256:326c8e64083f29b3ea8b99e757198efafcf30a68c227156b521e1cddff5ed4ad
- kind: project-relative
  target: claude
  value: .claude/skills/idea-refine/frameworks.md
  runtime: null
  scope: project
  owners:
  - seniorkonung/agent-skills
  active_owner: seniorkonung/agent-skills
  content_hash: sha256:161ebc18fdf2d996bc62a87a2d747cf1bf53548354f8925de25c732c27f00309
- kind: project-relative
  target: claude
  value: .claude/skills/idea-refine/refinement-criteria.md
  runtime: null
  scope: project
  owners:
  - seniorkonung/agent-skills
  active_owner: seniorkonung/agent-skills
  content_hash: sha256:1ca2973a4d01b5cb37ab7ddb2eff77fa4e792634a33d0ce44961c068fc88d51a
- kind: project-relative
  target: claude
  value: .claude/skills/idea-refine/scripts/idea-refine.sh
  runtime: null
  scope: project
  owners:
  - seniorkonung/agent-skills
  active_owner: seniorkonung/agent-skills
  content_hash: sha256:f02a52408a4218047c032d221483abfbb48d11f090bb4915965c7419bf2e0e47
- kind: project-relative
  target: claude
  value: .claude/skills/security-and-hardening
  runtime: null
  scope: project
  owners:
  - seniorkonung/agent-skills
  active_owner: seniorkonung/agent-skills
  content_hash: null
- kind: project-relative
  target: claude
  value: .claude/skills/security-and-hardening/SKILL.md
  runtime: null
  scope: project
  owners:
  - seniorkonung/agent-skills
  active_owner: seniorkonung/agent-skills
  content_hash: sha256:7dee4d2cc8b417b90790bf6016f74a3dcd1adcddde6e42f545a391f950778ebe
- kind: project-relative
  target: claude
  value: .claude/skills/shipping-and-launch
  runtime: null
  scope: project
  owners:
  - seniorkonung/agent-skills
  active_owner: seniorkonung/agent-skills
  content_hash: null
- kind: project-relative
  target: claude
  value: .claude/skills/shipping-and-launch/SKILL.md
  runtime: null
  scope: project
  owners:
  - seniorkonung/agent-skills
  active_owner: seniorkonung/agent-skills
  content_hash: sha256:ca9216f73ac6dfd1b1104ccd7de570acc5a22e11b1bf0ad4bafde1009afc4512
- kind: project-relative
  target: claude
  value: .claude/skills/source-driven-development
  runtime: null
  scope: project
  owners:
  - addyosmani/agent-skills/skills/source-driven-development
  active_owner: addyosmani/agent-skills/skills/source-driven-development
  content_hash: null
- kind: project-relative
  target: claude
  value: .claude/skills/source-driven-development/SKILL.md
  runtime: null
  scope: project
  owners:
  - addyosmani/agent-skills/skills/source-driven-development
  active_owner: addyosmani/agent-skills/skills/source-driven-development
  content_hash: sha256:719d4e54083c90ded62112fb41df3dbc4619309118ee0e6aa4d846f92d8204af
- kind: project-relative
  target: claude
  value: .claude/skills/verification-before-completion
  runtime: null
  scope: project
  owners:
  - obra/superpowers/skills/verification-before-completion
  active_owner: obra/superpowers/skills/verification-before-completion
  content_hash: null
- kind: project-relative
  target: claude
  value: .claude/skills/verification-before-completion/SKILL.md
  runtime: null
  scope: project
  owners:
  - obra/superpowers/skills/verification-before-completion
  active_owner: obra/superpowers/skills/verification-before-completion
  content_hash: sha256:2befe7fc55bcadaa3d97dd9e8efeb633d2561c0ebe74c5a8b17c4d9e7e4520b3
- kind: project-relative
  target: codex
  value: .codex/agents/code-reviewer.toml
  runtime: null
  scope: project
  owners:
  - seniorkonung/agent-skills
  active_owner: seniorkonung/agent-skills
  content_hash: sha256:68551392550f16bad4545b154ec710ba215623bcb35f95f8ab2e613d798b50dd
- kind: project-relative
  target: codex
  value: .codex/agents/security-auditor.toml
  runtime: null
  scope: project
  owners:
  - seniorkonung/agent-skills
  active_owner: seniorkonung/agent-skills
  content_hash: sha256:6f2bec3bded4da237fa14b74fd77720f0e7d96982f09288652aec26b228110dd
- kind: project-relative
  target: codex
  value: .codex/agents/test-engineer.toml
  runtime: null
  scope: project
  owners:
  - seniorkonung/agent-skills
  active_owner: seniorkonung/agent-skills
  content_hash: sha256:729261399bedbfa7af957725773fddea919b1e094a81ebe6d8a6e476d54c7ff8
- kind: uri
  target: mcp
  value: typescript
  runtime: claude
  scope: project
  owners:
  - .
  active_owner: .
  content_hash: null
- kind: uri
  target: mcp
  value: typescript
  runtime: codex
  scope: project
  owners:
  - .
  active_owner: .
  content_hash: null
mcp_servers:
- typescript
mcp_configs:
  typescript:
    name: typescript
    transport: stdio
    args:
    - --trust-project-config
    registry: false
    command: mcpls
mcp_target_servers:
  claude:
  - typescript
  codex:
  - typescript
local_deployed_files:
- .claude/rules/language-preferences.md
- .claude/rules/type-safe-design.md
- .claude/rules/typescript-mcp.md
local_deployed_file_hashes:
  .claude/rules/language-preferences.md: sha256:e500f4facb5fc936b79aa3b7eb140bbd2f456d5d497da76a269ae7d5322ca1e8
  .claude/rules/type-safe-design.md: sha256:91e3d48f0eb3d7f65f523e59c7734221f93208c91557d07ddc40dc2a9c8dd867
  .claude/rules/typescript-mcp.md: sha256:aaaf4ec118e70ea3be7be8a63b700cca199ce3143af0cf18c98c324dc9a28818
